// !$*UTF8*$!
{
	archiveVersion = 1;
	classes = {
	};
	objectVersion = 46;
	objects = {

/* Begin PBXBuildFile section */
		8E6F0CB91BDAC87B0087B1DD /* main.m in Sources */ = {isa = PBXBuildFile; fileRef = 8E6F0CB81BDAC87B0087B1DD /* main.m */; };
		8E6F0CBC1BDAC87B0087B1DD /* AppDelegate.m in Sources */ = {isa = PBXBuildFile; fileRef = 8E6F0CBB1BDAC87B0087B1DD /* AppDelegate.m */; };
		8E6F0CBF1BDAC87B0087B1DD /* ViewController.m in Sources */ = {isa = PBXBuildFile; fileRef = 8E6F0CBE1BDAC87B0087B1DD /* ViewController.m */; };
		8E6F0CC21BDAC87B0087B1DD /* Main.storyboard in Resources */ = {isa = PBXBuildFile; fileRef = 8E6F0CC01BDAC87B0087B1DD /* Main.storyboard */; };
		8E6F0CC41BDAC87B0087B1DD /* Assets.xcassets in Resources */ = {isa = PBXBuildFile; fileRef = 8E6F0CC31BDAC87B0087B1DD /* Assets.xcassets */; };
		8E6F0CC71BDAC87B0087B1DD /* LaunchScreen.storyboard in Resources */ = {isa = PBXBuildFile; fileRef = 8E6F0CC51BDAC87B0087B1DD /* LaunchScreen.storyboard */; };
		8E6F0CD21BDAC87B0087B1DD /* PongTests.m in Sources */ = {isa = PBXBuildFile; fileRef = 8E6F0CD11BDAC87B0087B1DD /* PongTests.m */; };
		8E6F0CDD1BDAC87B0087B1DD /* PongUITests.m in Sources */ = {isa = PBXBuildFile; fileRef = 8E6F0CDC1BDAC87B0087B1DD /* PongUITests.m */; };
/* End PBXBuildFile section */

/* Begin PBXContainerItemProxy section */
		8E6F0CCE1BDAC87B0087B1DD /* PBXContainerItemProxy */ = {
			isa = PBXContainerItemProxy;
			containerPortal = 8E6F0CAC1BDAC87B0087B1DD /* Project object */;
			proxyType = 1;
			remoteGlobalIDString = 8E6F0CB31BDAC87B0087B1DD;
			remoteInfo = Pong;
		};
		8E6F0CD91BDAC87B0087B1DD /* PBXContainerItemProxy */ = {
			isa = PBXContainerItemProxy;
			containerPortal = 8E6F0CAC1BDAC87B0087B1DD /* Project object */;
			proxyType = 1;
			remoteGlobalIDString = 8E6F0CB31BDAC87B0087B1DD;
			remoteInfo = Pong;
		};
/* End PBXContainerItemProxy section */

/* Begin PBXFileReference section */
		8E6F0CB41BDAC87B0087B1DD /* Pong.app */ = {isa = PBXFileReference; explicitFileType = wrapper.application; includeInIndex = 0; path = Pong.app; sourceTree = BUILT_PRODUCTS_DIR; };
		8E6F0CB81BDAC87B0087B1DD /* main.m */ = {isa = PBXFileReference; lastKnownFileType = sourcecode.c.objc; path = main.m; sourceTree = "<group>"; };
		8E6F0CBA1BDAC87B0087B1DD /* AppDelegate.h */ = {isa = PBXFileReference; lastKnownFileType = sourcecode.c.h; path = AppDelegate.h; sourceTree = "<group>"; };
		8E6F0CBB1BDAC87B0087B1DD /* AppDelegate.m */ = {isa = PBXFileReference; lastKnownFileType = sourcecode.c.objc; path = AppDelegate.m; sourceTree = "<group>"; };
		8E6F0CBD1BDAC87B0087B1DD /* ViewController.h */ = {isa = PBXFileReference; lastKnownFileType = sourcecode.c.h; path = ViewController.h; sourceTree = "<group>"; };
		8E6F0CBE1BDAC87B0087B1DD /* ViewController.m */ = {isa = PBXFileReference; lastKnownFileType = sourcecode.c.objc; path = ViewController.m; sourceTree = "<group>"; };
		8E6F0CC11BDAC87B0087B1DD /* Base */ = {isa = PBXFileReference; lastKnownFileType = file.storyboard; name = Base; path = Base.lproj/Main.storyboard; sourceTree = "<group>"; };
		8E6F0CC31BDAC87B0087B1DD /* Assets.xcassets */ = {isa = PBXFileReference; lastKnownFileType = folder.assetcatalog; path = Assets.xcassets; sourceTree = "<group>"; };
		8E6F0CC61BDAC87B0087B1DD /* Base */ = {isa = PBXFileReference; lastKnownFileType = file.storyboard; name = Base; path = Base.lproj/LaunchScreen.storyboard; sourceTree = "<group>"; };
		8E6F0CC81BDAC87B0087B1DD /* Info.plist */ = {isa = PBXFileReference; lastKnownFileType = text.plist.xml; path = Info.plist; sourceTree = "<group>"; };
		8E6F0CCD1BDAC87B0087B1DD /* PongTests.xctest */ = {isa = PBXFileReference; explicitFileType = wrapper.cfbundle; includeInIndex = 0; path = PongTests.xctest; sourceTree = BUILT_PRODUCTS_DIR; };
		8E6F0CD11BDAC87B0087B1DD /* PongTests.m */ = {isa = PBXFileReference; lastKnownFileType = sourcecode.c.objc; path = PongTests.m; sourceTree = "<group>"; };
		8E6F0CD31BDAC87B0087B1DD /* Info.plist */ = {isa = PBXFileReference; lastKnownFileType = text.plist.xml; path = Info.plist; sourceTree = "<group>"; };
		8E6F0CD81BDAC87B0087B1DD /* PongUITests.xctest */ = {isa = PBXFileReference; explicitFileType = wrapper.cfbundle; includeInIndex = 0; path = PongUITests.xctest; sourceTree = BUILT_PRODUCTS_DIR; };
		8E6F0CDC1BDAC87B0087B1DD /* PongUITests.m */ = {isa = PBXFileReference; lastKnownFileType = sourcecode.c.objc; path = PongUITests.m; sourceTree = "<group>"; };
		8E6F0CDE1BDAC87B0087B1DD /* Info.plist */ = {isa = PBXFileReference; lastKnownFileType = text.plist.xml; path = Info.plist; sourceTree = "<group>"; };
/* End PBXFileReference section */

/* Begin PBXFrameworksBuildPhase section */
		8E6F0CB11BDAC87B0087B1DD /* Frameworks */ = {
			isa = PBXFrameworksBuildPhase;
			buildActionMask = 2147483647;
			files = (
			);
			runOnlyForDeploymentPostprocessing = 0;
		};
		8E6F0CCA1BDAC87B0087B1DD /* Frameworks */ = {
			isa = PBXFrameworksBuildPhase;
			buildActionMask = 2147483647;
			files = (
			);
			runOnlyForDeploymentPostprocessing = 0;
		};
		8E6F0CD51BDAC87B0087B1DD /* Frameworks */ = {
			isa = PBXFrameworksBuildPhase;
			buildActionMask = 2147483647;
			files = (
			);
			runOnlyForDeploymentPostprocessing = 0;
		};
/* End PBXFrameworksBuildPhase section */

/* Begin PBXGroup section */
		8E6F0CAB1BDAC87B0087B1DD = {
			isa = PBXGroup;
			children = (
				8E6F0CB61BDAC87B0087B1DD /* Pong */,
				8E6F0CD01BDAC87B0087B1DD /* PongTests */,
				8E6F0CDB1BDAC87B0087B1DD /* PongUITests */,
				8E6F0CB51BDAC87B0087B1DD /* Products */,
			);
			sourceTree = "<group>";
		};
		8E6F0CB51BDAC87B0087B1DD /* Products */ = {
			isa = PBXGroup;
			children = (
				8E6F0CB41BDAC87B0087B1DD /* Pong.app */,
				8E6F0CCD1BDAC87B0087B1DD /* PongTests.xctest */,
				8E6F0CD81BDAC87B0087B1DD /* PongUITests.xctest */,
			);
			name = Products;
			sourceTree = "<group>";
		};
		8E6F0CB61BDAC87B0087B1DD /* Pong */ = {
			isa = PBXGroup;
			children = (
				8E6F0CBA1BDAC87B0087B1DD /* AppDelegate.h */,
				8E6F0CBB1BDAC87B0087B1DD /* AppDelegate.m */,
				8E6F0CBD1BDAC87B0087B1DD /* ViewController.h */,
				8E6F0CBE1BDAC87B0087B1DD /* ViewController.m */,
				8E6F0CC01BDAC87B0087B1DD /* Main.storyboard */,
				8E6F0CC31BDAC87B0087B1DD /* Assets.xcassets */,
				8E6F0CC51BDAC87B0087B1DD /* LaunchScreen.storyboard */,
				8E6F0CC81BDAC87B0087B1DD /* Info.plist */,
				8E6F0CB71BDAC87B0087B1DD /* Supporting Files */,
			);
			path = Pong;
			sourceTree = "<group>";
		};
		8E6F0CB71BDAC87B0087B1DD /* Supporting Files */ = {
			isa = PBXGroup;
			children = (
				8E6F0CB81BDAC87B0087B1DD /* main.m */,
			);
			name = "Supporting Files";
			sourceTree = "<group>";
		};
		8E6F0CD01BDAC87B0087B1DD /* PongTests */ = {
			isa = PBXGroup;
			children = (
				8E6F0CD11BDAC87B0087B1DD /* PongTests.m */,
				8E6F0CD31BDAC87B0087B1DD /* Info.plist */,
			);
			path = PongTests;
			sourceTree = "<group>";
		};
		8E6F0CDB1BDAC87B0087B1DD /* PongUITests */ = {
			isa = PBXGroup;
			children = (
				8E6F0CDC1BDAC87B0087B1DD /* PongUITests.m */,
				8E6F0CDE1BDAC87B0087B1DD /* Info.plist */,
			);
			path = PongUITests;
			sourceTree = "<group>";
		};
/* End PBXGroup section */

/* Begin PBXNativeTarget section */
		8E6F0CB31BDAC87B0087B1DD /* Pong */ = {
			isa = PBXNativeTarget;
			buildConfigurationList = 8E6F0CE11BDAC87B0087B1DD /* Build configuration list for PBXNativeTarget "Pong" */;
			buildPhases = (
				8E6F0CB01BDAC87B0087B1DD /* Sources */,
				8E6F0CB11BDAC87B0087B1DD /* Frameworks */,
				8E6F0CB21BDAC87B0087B1DD /* Resources */,
			);
			buildRules = (
			);
			dependencies = (
			);
			name = Pong;
			productName = Pong;
			productReference = 8E6F0CB41BDAC87B0087B1DD /* Pong.app */;
			productType = "com.apple.product-type.application";
		};
		8E6F0CCC1BDAC87B0087B1DD /* PongTests */ = {
			isa = PBXNativeTarget;
			buildConfigurationList = 8E6F0CE41BDAC87B0087B1DD /* Build configuration list for PBXNativeTarget "PongTests" */;
			buildPhases = (
				8E6F0CC91BDAC87B0087B1DD /* Sources */,
				8E6F0CCA1BDAC87B0087B1DD /* Frameworks */,
				8E6F0CCB1BDAC87B0087B1DD /* Resources */,
			);
			buildRules = (
			);
			dependencies = (
				8E6F0CCF1BDAC87B0087B1DD /* PBXTargetDependency */,
			);
			name = PongTests;
			productName = PongTests;
			productReference = 8E6F0CCD1BDAC87B0087B1DD /* PongTests.xctest */;
			productType = "com.apple.product-type.bundle.unit-test";
		};
		8E6F0CD71BDAC87B0087B1DD /* PongUITests */ = {
			isa = PBXNativeTarget;
			buildConfigurationList = 8E6F0CE71BDAC87B0087B1DD /* Build configuration list for PBXNativeTarget "PongUITests" */;
			buildPhases = (
				8E6F0CD41BDAC87B0087B1DD /* Sources */,
				8E6F0CD51BDAC87B0087B1DD /* Frameworks */,
				8E6F0CD61BDAC87B0087B1DD /* Resources */,
			);
			buildRules = (
			);
			dependencies = (
				8E6F0CDA1BDAC87B0087B1DD /* PBXTargetDependency */,
			);
			name = PongUITests;
			productName = PongUITests;
			productReference = 8E6F0CD81BDAC87B0087B1DD /* PongUITests.xctest */;
			productType = "com.apple.product-type.bundle.ui-testing";
		};
/* End PBXNativeTarget section */

/* Begin PBXProject section */
		8E6F0CAC1BDAC87B0087B1DD /* Project object */ = {
			isa = PBXProject;
			attributes = {
				LastUpgradeCheck = 0710;
				ORGANIZATIONNAME = "Kamil Kowalski";
				TargetAttributes = {
					8E6F0CB31BDAC87B0087B1DD = {
						CreatedOnToolsVersion = 7.1;
						DevelopmentTeam = GN5VRN3VRZ;
					};
					8E6F0CCC1BDAC87B0087B1DD = {
						CreatedOnToolsVersion = 7.1;
						DevelopmentTeam = GN5VRN3VRZ;
						TestTargetID = 8E6F0CB31BDAC87B0087B1DD;
					};
					8E6F0CD71BDAC87B0087B1DD = {
						CreatedOnToolsVersion = 7.1;
						DevelopmentTeam = GN5VRN3VRZ;
						TestTargetID = 8E6F0CB31BDAC87B0087B1DD;
					};
				};
			};
			buildConfigurationList = 8E6F0CAF1BDAC87B0087B1DD /* Build configuration list for PBXProject "Pong" */;
			compatibilityVersion = "Xcode 3.2";
			developmentRegion = English;
			hasScannedForEncodings = 0;
			knownRegions = (
				en,
				Base,
			);
			mainGroup = 8E6F0CAB1BDAC87B0087B1DD;
			productRefGroup = 8E6F0CB51BDAC87B0087B1DD /* Products */;
			projectDirPath = "";
			projectRoot = "";
			targets = (
				8E6F0CB31BDAC87B0087B1DD /* Pong */,
				8E6F0CCC1BDAC87B0087B1DD /* PongTests */,
				8E6F0CD71BDAC87B0087B1DD /* PongUITests */,
			);
		};
/* End PBXProject section */

/* Begin PBXResourcesBuildPhase section */
		8E6F0CB21BDAC87B0087B1DD /* Resources */ = {
			isa = PBXResourcesBuildPhase;
			buildActionMask = 2147483647;
			files = (
				8E6F0CC71BDAC87B0087B1DD /* LaunchScreen.storyboard in Resources */,
				8E6F0CC41BDAC87B0087B1DD /* Assets.xcassets in Resources */,
				8E6F0CC21BDAC87B0087B1DD /* Main.storyboard in Resources */,
			);
			runOnlyForDeploymentPostprocessing = 0;
		};
		8E6F0CCB1BDAC87B0087B1DD /* Resources */ = {
			isa = PBXResourcesBuildPhase;
			buildActionMask = 2147483647;
			files = (
			);
			runOnlyForDeploymentPostprocessing = 0;
		};
		8E6F0CD61BDAC87B0087B1DD /* Resources */ = {
			isa = PBXResourcesBuildPhase;
			buildActionMask = 2147483647;
			files = (
			);
			runOnlyForDeploymentPostprocessing = 0;
		};
/* End PBXResourcesBuildPhase section */

/* Begin PBXSourcesBuildPhase section */
		8E6F0CB01BDAC87B0087B1DD /* Sources */ = {
			isa = PBXSourcesBuildPhase;
			buildActionMask = 2147483647;
			files = (
				8E6F0CBF1BDAC87B0087B1DD /* ViewController.m in Sources */,
				8E6F0CBC1BDAC87B0087B1DD /* AppDelegate.m in Sources */,
				8E6F0CB91BDAC87B0087B1DD /* main.m in Sources */,
			);
			runOnlyForDeploymentPostprocessing = 0;
		};
		8E6F0CC91BDAC87B0087B1DD /* Sources */ = {
			isa = PBXSourcesBuildPhase;
			buildActionMask = 2147483647;
			files = (
				8E6F0CD21BDAC87B0087B1DD /* PongTests.m in Sources */,
			);
			runOnlyForDeploymentPostprocessing = 0;
		};
		8E6F0CD41BDAC87B0087B1DD /* Sources */ = {
			isa = PBXSourcesBuildPhase;
			buildActionMask = 2147483647;
			files = (
				8E6F0CDD1BDAC87B0087B1DD /* PongUITests.m in Sources */,
			);
			runOnlyForDeploymentPostprocessing = 0;
		};
/* End PBXSourcesBuildPhase section */

/* Begin PBXTargetDependency section */
		8E6F0CCF1BDAC87B0087B1DD /* PBXTargetDependency */ = {
			isa = PBXTargetDependency;
			target = 8E6F0CB31BDAC87B0087B1DD /* Pong */;
			targetProxy = 8E6F0CCE1BDAC87B0087B1DD /* PBXContainerItemProxy */;
		};
		8E6F0CDA1BDAC87B0087B1DD /* PBXTargetDependency */ = {
			isa = PBXTargetDependency;
			target = 8E6F0CB31BDAC87B0087B1DD /* Pong */;
			targetProxy = 8E6F0CD91BDAC87B0087B1DD /* PBXContainerItemProxy */;
		};
/* End PBXTargetDependency section */

/* Begin PBXVariantGroup section */
		8E6F0CC01BDAC87B0087B1DD /* Main.storyboard */ = {
			isa = PBXVariantGroup;
			children = (
				8E6F0CC11BDAC87B0087B1DD /* Base */,
			);
			name = Main.storyboard;
			sourceTree = "<group>";
		};
		8E6F0CC51BDAC87B0087B1DD /* LaunchScreen.storyboard */ = {
			isa = PBXVariantGroup;
			children = (
				8E6F0CC61BDAC87B0087B1DD /* Base */,
			);
			name = LaunchScreen.storyboard;
			sourceTree = "<group>";
		};
/* End PBXVariantGroup section */

/* Begin XCBuildConfiguration section */
		8E6F0CDF1BDAC87B0087B1DD /* Debug */ = {
			isa = XCBuildConfiguration;
			buildSettings = {
				ALWAYS_SEARCH_USER_PATHS = NO;
				CLANG_CXX_LANGUAGE_STANDARD = "gnu++0x";
				CLANG_CXX_LIBRARY = "libc++";
				CLANG_ENABLE_MODULES = YES;
				CLANG_ENABLE_OBJC_ARC = YES;
				CLANG_WARN_BOOL_CONVERSION = YES;
				CLANG_WARN_CONSTANT_CONVERSION = YES;
				CLANG_WARN_DIRECT_OBJC_ISA_USAGE = YES_ERROR;
				CLANG_WARN_EMPTY_BODY = YES;
				CLANG_WARN_ENUM_CONVERSION = YES;
				CLANG_WARN_INT_CONVERSION = YES;
				CLANG_WARN_OBJC_ROOT_CLASS = YES_ERROR;
				CLANG_WARN_UNREACHABLE_CODE = YES;
				CLANG_WARN__DUPLICATE_METHOD_MATCH = YES;
				"CODE_SIGN_IDENTITY[sdk=iphoneos*]" = "iPhone Developer";
				COPY_PHASE_STRIP = NO;
				DEBUG_INFORMATION_FORMAT = dwarf;
				ENABLE_STRICT_OBJC_MSGSEND = YES;
				ENABLE_TESTABILITY = YES;
				GCC_C_LANGUAGE_STANDARD = gnu99;
				GCC_DYNAMIC_NO_PIC = NO;
				GCC_NO_COMMON_BLOCKS = YES;
				GCC_OPTIMIZATION_LEVEL = 0;
				GCC_PREPROCESSOR_DEFINITIONS = (
					"DEBUG=1",
					"$(inherited)",
				);
				GCC_WARN_64_TO_32_BIT_CONVERSION = YES;
				GCC_WARN_ABOUT_RETURN_TYPE = YES_ERROR;
				GCC_WARN_UNDECLARED_SELECTOR = YES;
				GCC_WARN_UNINITIALIZED_AUTOS = YES_AGGRESSIVE;
				GCC_WARN_UNUSED_FUNCTION = YES;
				GCC_WARN_UNUSED_VARIABLE = YES;
				IPHONEOS_DEPLOYMENT_TARGET = 9.1;
				MTL_ENABLE_DEBUG_INFO = YES;
				ONLY_ACTIVE_ARCH = YES;
				SDKROOT = iphoneos;
				TARGETED_DEVICE_FAMILY = "1,2";
			};
			name = Debug;
		};
		8E6F0CE01BDAC87B0087B1DD /* Release */ = {
			isa = XCBuildConfiguration;
			buildSettings = {
				ALWAYS_SEARCH_USER_PATHS = NO;
				CLANG_CXX_LANGUAGE_STANDARD = "gnu++0x";
				CLANG_CXX_LIBRARY = "libc++";
				CLANG_ENABLE_MODULES = YES;
				CLANG_ENABLE_OBJC_ARC = YES;
				CLANG_WARN_BOOL_CONVERSION = YES;
				CLANG_WARN_CONSTANT_CONVERSION = YES;
				CLANG_WARN_DIRECT_OBJC_ISA_USAGE = YES_ERROR;
				CLANG_WARN_EMPTY_BODY = YES;
				CLANG_WARN_ENUM_CONVERSION = YES;
				CLANG_WARN_INT_CONVERSION = YES;
				CLANG_WARN_OBJC_ROOT_CLASS = YES_ERROR;
				CLANG_WARN_UNREACHABLE_CODE = YES;
				CLANG_WARN__DUPLICATE_METHOD_MATCH = YES;
				"CODE_SIGN_IDENTITY[sdk=iphoneos*]" = "iPhone Developer";
				COPY_PHASE_STRIP = NO;
				DEBUG_INFORMATION_FORMAT = "dwarf-with-dsym";
				ENABLE_NS_ASSERTIONS = NO;
				ENABLE_STRICT_OBJC_MSGSEND = YES;
				GCC_C_LANGUAGE_STANDARD = gnu99;
				GCC_NO_COMMON_BLOCKS = YES;
				GCC_WARN_64_TO_32_BIT_CONVERSION = YES;
				GCC_WARN_ABOUT_RETURN_TYPE = YES_ERROR;
				GCC_WARN_UNDECLARED_SELECTOR = YES;
				GCC_WARN_UNINITIALIZED_AUTOS = YES_AGGRESSIVE;
				GCC_WARN_UNUSED_FUNCTION = YES;
				GCC_WARN_UNUSED_VARIABLE = YES;
				IPHONEOS_DEPLOYMENT_TARGET = 9.1;
				MTL_ENABLE_DEBUG_INFO = NO;
				SDKROOT = iphoneos;
				TARGETED_DEVICE_FAMILY = "1,2";
				VALIDATE_PRODUCT = YES;
			};
			name = Release;
		};
		8E6F0CE21BDAC87B0087B1DD /* Debug */ = {
			isa = XCBuildConfiguration;
			buildSettings = {
				ASSETCATALOG_COMPILER_APPICON_NAME = AppIcon;
				CODE_SIGN_IDENTITY = "iPhone Developer";
				INFOPLIST_FILE = Pong/Info.plist;
				LD_RUNPATH_SEARCH_PATHS = "$(inherited) @executable_path/Frameworks";
				PRODUCT_BUNDLE_IDENTIFIER = pl.kamilkowalski.Pong;
				PRODUCT_NAME = "$(TARGET_NAME)";
			};
			name = Debug;
		};
		8E6F0CE31BDAC87B0087B1DD /* Release */ = {
			isa = XCBuildConfiguration;
			buildSettings = {
				ASSETCATALOG_COMPILER_APPICON_NAME = AppIcon;
				CODE_SIGN_IDENTITY = "iPhone Developer";
				INFOPLIST_FILE = Pong/Info.plist;
				LD_RUNPATH_SEARCH_PATHS = "$(inherited) @executable_path/Frameworks";
				PRODUCT_BUNDLE_IDENTIFIER = pl.kamilkowalski.Pong;
				PRODUCT_NAME = "$(TARGET_NAME)";
			};
			name = Release;
		};
		8E6F0CE51BDAC87B0087B1DD /* Debug */ = {
			isa = XCBuildConfiguration;
			buildSettings = {
				BUNDLE_LOADER = "$(TEST_HOST)";
				INFOPLIST_FILE = PongTests/Info.plist;
				LD_RUNPATH_SEARCH_PATHS = "$(inherited) @executable_path/Frameworks @loader_path/Frameworks";
				PRODUCT_BUNDLE_IDENTIFIER = pl.kamilkowalski.PongTests;
				PRODUCT_NAME = "$(TARGET_NAME)";
				TEST_HOST = "$(BUILT_PRODUCTS_DIR)/Pong.app/Pong";
			};
			name = Debug;
		};
		8E6F0CE61BDAC87B0087B1DD /* Release */ = {
			isa = XCBuildConfiguration;
			buildSettings = {
				BUNDLE_LOADER = "$(TEST_HOST)";
				INFOPLIST_FILE = PongTests/Info.plist;
				LD_RUNPATH_SEARCH_PATHS = "$(inherited) @executable_path/Frameworks @loader_path/Frameworks";
				PRODUCT_BUNDLE_IDENTIFIER = pl.kamilkowalski.PongTests;
				PRODUCT_NAME = "$(TARGET_NAME)";
				TEST_HOST = "$(BUILT_PRODUCTS_DIR)/Pong.app/Pong";
			};
			name = Release;
		};
		8E6F0CE81BDAC87B0087B1DD /* Debug */ = {
			isa = XCBuildConfiguration;
			buildSettings = {
				INFOPLIST_FILE = PongUITests/Info.plist;
				LD_RUNPATH_SEARCH_PATHS = "$(inherited) @executable_path/Frameworks @loader_path/Frameworks";
				PRODUCT_BUNDLE_IDENTIFIER = pl.kamilkowalski.PongUITests;
				PRODUCT_NAME = "$(TARGET_NAME)";
				TEST_TARGET_NAME = Pong;
				USES_XCTRUNNER = YES;
			};
			name = Debug;
		};
		8E6F0CE91BDAC87B0087B1DD /* Release */ = {
			isa = XCBuildConfiguration;
			buildSettings = {
				INFOPLIST_FILE = PongUITests/Info.plist;
				LD_RUNPATH_SEARCH_PATHS = "$(inherited) @executable_path/Frameworks @loader_path/Frameworks";
				PRODUCT_BUNDLE_IDENTIFIER = pl.kamilkowalski.PongUITests;
				PRODUCT_NAME = "$(TARGET_NAME)";
				TEST_TARGET_NAME = Pong;
				USES_XCTRUNNER = YES;
			};
			name = Release;
		};
/* End XCBuildConfiguration section */

/* Begin XCConfigurationList section */
		8E6F0CAF1BDAC87B0087B1DD /* Build configuration list for PBXProject "Pong" */ = {
			isa = XCConfigurationList;
			buildConfigurations = (
				8E6F0CDF1BDAC87B0087B1DD /* Debug */,
				8E6F0CE01BDAC87B0087B1DD /* Release */,
			);
			defaultConfigurationIsVisible = 0;
			defaultConfigurationName = Release;
		};
		8E6F0CE11BDAC87B0087B1DD /* Build configuration list for PBXNativeTarget "Pong" */ = {
			isa = XCConfigurationList;
			buildConfigurations = (
				8E6F0CE21BDAC87B0087B1DD /* Debug */,
				8E6F0CE31BDAC87B0087B1DD /* Release */,
			);
			defaultConfigurationIsVisible = 0;
			defaultConfigurationName = Release;
		};
		8E6F0CE41BDAC87B0087B1DD /* Build configuration list for PBXNativeTarget "PongTests" */ = {
			isa = XCConfigurationList;
			buildConfigurations = (
				8E6F0CE51BDAC87B0087B1DD /* Debug */,
				8E6F0CE61BDAC87B0087B1DD /* Release */,
			);
			defaultConfigurationIsVisible = 0;
			defaultConfigurationName = Release;
		};
		8E6F0CE71BDAC87B0087B1DD /* Build configuration list for PBXNativeTarget "PongUITests" */ = {
			isa = XCConfigurationList;
			buildConfigurations = (
				8E6F0CE81BDAC87B0087B1DD /* Debug */,
				8E6F0CE91BDAC87B0087B1DD /* Release */,
			);
			defaultConfigurationIsVisible = 0;
			defaultConfigurationName = Release;
		};
/* End XCConfigurationList section */
	};
	rootObject = 8E6F0CAC1BDAC87B0087B1DD /* Project object */;
}
